
Microsoft Visual Studio Solution File, Format Version 12.00
# Visual Studio 15
VisualStudioVersion = 15.0.27428.2005
MinimumVisualStudioVersion = 10.0.40219.1
Project("{FAE04EC0-301F-11D3-BF4B-00C04F79EFBC}") = "Codebreaker", "Codebreaker\Codebreaker.csproj", "{0DE13DB8-20A8-49F5-BCBC-4BDE6AB37F46}"
EndProject
Global
	GlobalSection(SolutionConfigurationPlatforms) = preSolution
		Debug|Any CPU = Debug|Any CPU
		Release|Any CPU = Release|Any CPU
	EndGlobalSection
	GlobalSection(ProjectConfigurationPlatforms) = postSolution
		{0DE13DB8-20A8-49F5-BCBC-4BDE6AB37F46}.Debug|Any CPU.ActiveCfg = Debug|Any CPU
		{0DE13DB8-20A8-49F5-BCBC-4BDE6AB37F46}.Debug|Any CPU.Build.0 = Debug|Any CPU
		{0DE13DB8-20A8-49F5-BCBC-4BDE6AB37F46}.Release|Any CPU.ActiveCfg = Release|Any CPU
		{0DE13DB8-20A8-49F5-BCBC-4BDE6AB37F46}.Release|Any CPU.Build.0 = Release|Any CPU
	EndGlobalSection
	GlobalSection(SolutionProperties) = preSolution
		HideSolutionNode = FALSE
	EndGlobalSection
	GlobalSection(ExtensibilityGlobals) = postSolution
		SolutionGuid = {472F06C0-3B1F-4B4C-9C69-F5A985532232}
	EndGlobalSection
EndGlobal
